
Microsoft Visual Studio Solution File, Format Version 12.00
# Visual Studio Version 16
VisualStudioVersion = 16.0.30320.27
MinimumVisualStudioVersion = 10.0.40219.1
Project("{FAE04EC0-301F-11D3-BF4B-00C04F79EFBC}") = "QuartoProjetoSQL - ControleConsultorio", "QuartoProjetoSQL - ControleConsultorio\QuartoProjetoSQL - ControleConsultorio.csproj", "{F9B713F3-760E-400B-A7C7-4C7E6BB2CAFB}"
EndProject
Global
	GlobalSection(SolutionConfigurationPlatforms) = preSolution
		Debug|Any CPU = Debug|Any CPU
		Release|Any CPU = Release|Any CPU
	EndGlobalSection
	GlobalSection(ProjectConfigurationPlatforms) = postSolution
		{F9B713F3-760E-400B-A7C7-4C7E6BB2CAFB}.Debug|Any CPU.ActiveCfg = Debug|Any CPU
		{F9B713F3-760E-400B-A7C7-4C7E6BB2CAFB}.Debug|Any CPU.Build.0 = Debug|Any CPU
		{F9B713F3-760E-400B-A7C7-4C7E6BB2CAFB}.Release|Any CPU.ActiveCfg = Release|Any CPU
		{F9B713F3-760E-400B-A7C7-4C7E6BB2CAFB}.Release|Any CPU.Build.0 = Release|Any CPU
	EndGlobalSection
	GlobalSection(SolutionProperties) = preSolution
		HideSolutionNode = FALSE
	EndGlobalSection
	GlobalSection(ExtensibilityGlobals) = postSolution
		SolutionGuid = {9BD7CADC-FC64-45AB-B617-1778ADD8B821}
	EndGlobalSection
EndGlobal
